<?xml version="1.0" encoding="utf-8"?>
<Project ToolsVersion="4.0" xmlns="http://schemas.microsoft.com/developer/msbuild/2003">
  <ItemGroup>
    <Filter Include="Source Files">
      <UniqueIdentifier>{4FC737F1-C7A5-4376-A066-2A32D752A2FF}</UniqueIdentifier>
      <Extensions>cpp;c;cc;cxx;def;odl;idl;hpj;bat;asm;asmx</Extensions>
    </Filter>
    <Filter Include="Header Files">
      <UniqueIdentifier>{93995380-89BD-4b04-88EB-625FBE52EBFB}</UniqueIdentifier>
      <Extensions>h;hh;hpp;hxx;hm;inl;inc;xsd</Extensions>
    </Filter>
    <Filter Include="Resource Files">
      <UniqueIdentifier>{67DA6AB6-F800-4c08-8B7A-83BB121AAD01}</UniqueIdentifier>
      <Extensions>rc;ico;cur;bmp;dlg;rc2;rct;bin;rgs;gif;jpg;jpeg;jpe;resx;tiff;tif;png;wav;mfcribbon-ms</Extensions>
    </Filter>
    <Filter Include="Form Files">
      <UniqueIdentifier>{99349809-55BA-4b9d-BF79-8FDBB0286EB3}</UniqueIdentifier>
      <Extensions>ui</Extensions>
    </Filter>
    <Filter Include="Resource Files">
      <UniqueIdentifier>{D9D6E242-F8AF-46E4-B9FD-80ECBC20BA3E}</UniqueIdentifier>
      <Extensions>qrc;*</Extensions>
      <ParseFiles>false</ParseFiles>
    </Filter>
  </ItemGroup>
  <ItemGroup>
    <ClCompile Include="source\widget\MainForm.cpp">
      <Filter>Source Files</Filter>
    </ClCompile>
    <ClCompile Include="source\main.cpp">
      <Filter>Source Files</Filter>
    </ClCompile>
    <ClCompile Include="source\widget\LayerTreeWidget.cpp">
      <Filter>Source Files</Filter>
    </ClCompile>
    <ClCompile Include="source\widget\OpenGLWidget.cpp">
      <Filter>Source Files</Filter>
    </ClCompile>
    <ClCompile Include="source\widget\StatusBar.cpp">
      <Filter>Source Files</Filter>
    </ClCompile>
    <ClCompile Include="source\widget\ToolBoxTreeWidget.cpp">
      <Filter>Source Files</Filter>
    </ClCompile>
    <ClCompile Include="source\control\FileReader.cpp">
      <Filter>Source Files</Filter>
    </ClCompile>
    <ClCompile Include="source\model\utility.cpp">
      <Filter>Source Files</Filter>
    </ClCompile>
    <ClCompile Include="source\model\GeoMap.cpp">
      <Filter>Source Files</Filter>
    </ClCompile>
    <ClCompile Include="source\opengl\glcall.cpp">
      <Filter>Source Files</Filter>
    </ClCompile>
    <ClCompile Include="source\opengl\indexbuffer.cpp">
      <Filter>Source Files</Filter>
    </ClCompile>
    <ClCompile Include="source\opengl\openglfeaturedescriptor.cpp">
      <Filter>Source Files</Filter>
    </ClCompile>
    <ClCompile Include="source\opengl\openglrasterdescriptor.cpp">
      <Filter>Source Files</Filter>
    </ClCompile>
    <ClCompile Include="source\opengl\renderer.cpp">
      <Filter>Source Files</Filter>
    </ClCompile>
    <ClCompile Include="source\opengl\shader.cpp">
      <Filter>Source Files</Filter>
    </ClCompile>
    <ClCompile Include="source\opengl\texture.cpp">
      <Filter>Source Files</Filter>
    </ClCompile>
    <ClCompile Include="source\opengl\vertexarray.cpp">
      <Filter>Source Files</Filter>
    </ClCompile>
    <ClCompile Include="source\opengl\vertexbuffer.cpp">
      <Filter>Source Files</Filter>
    </ClCompile>
    <ClCompile Include="source\opengl\vertexbufferlayout.cpp">
      <Filter>Source Files</Filter>
    </ClCompile>
  </ItemGroup>
  <ItemGroup>
    <QtMoc Include="source\widget\MainForm.h">
      <Filter>Header Files</Filter>
    </QtMoc>
    <QtMoc Include="source\widget\OpenGLWidget.h">
      <Filter>Header Files</Filter>
    </QtMoc>
  </ItemGroup>
  <ItemGroup>
    <ClInclude Include="source\widget\LayerTreeWidget.h">
      <Filter>Header Files</Filter>
    </ClInclude>
    <ClInclude Include="source\widget\ToolBoxTreeWidget.h">
      <Filter>Header Files</Filter>
    </ClInclude>
    <ClInclude Include="source\widget\StatusBar.h">
      <Filter>Header Files</Filter>
    </ClInclude>
    <ClInclude Include="source\geography\utility\GeoFileRead.h">
      <Filter>Header Files</Filter>
    </ClInclude>
    <ClInclude Include="source\geography\map\GeoMapProperty.h">
      <Filter>Header Files</Filter>
    </ClInclude>
    <ClInclude Include="source\geography\map\GeoLayer.h">
      <Filter>Header Files</Filter>
    </ClInclude>
    <ClInclude Include="source\geography\map\GeoFeatureLayerProperty.h">
      <Filter>Header Files</Filter>
    </ClInclude>
    <ClInclude Include="source\geography\map\GeoFieldDefine.h">
      <Filter>Header Files</Filter>
    </ClInclude>
    <ClInclude Include="source\geography\map\GeoFeature.h">
      <Filter>Header Files</Filter>
    </ClInclude>
    <ClInclude Include="source\control\FileReader.h">
      <Filter>Header Files</Filter>
    </ClInclude>
    <ClInclude Include="source\model\GeoMap.h">
      <Filter>Header Files</Filter>
    </ClInclude>
    <ClInclude Include="source\model\GeoMapProperty.h">
      <Filter>Header Files</Filter>
    </ClInclude>
    <ClInclude Include="source\model\GeoBase.hpp">
      <Filter>Header Files</Filter>
    </ClInclude>
    <ClInclude Include="source\model\utility.h">
      <Filter>Header Files</Filter>
    </ClInclude>
    <ClInclude Include="source\opengl\glcall.h">
      <Filter>Header Files</Filter>
    </ClInclude>
    <ClInclude Include="source\opengl\indexbuffer.h">
      <Filter>Header Files</Filter>
    </ClInclude>
    <ClInclude Include="source\opengl\openglfeaturedescriptor.h">
      <Filter>Header Files</Filter>
    </ClInclude>
    <ClInclude Include="source\opengl\openglrasterdescriptor.h">
      <Filter>Header Files</Filter>
    </ClInclude>
    <ClInclude Include="source\opengl\renderer.h">
      <Filter>Header Files</Filter>
    </ClInclude>
    <ClInclude Include="source\opengl\shader.h">
      <Filter>Header Files</Filter>
    </ClInclude>
    <ClInclude Include="source\opengl\texture.h">
      <Filter>Header Files</Filter>
    </ClInclude>
    <ClInclude Include="source\opengl\vertexarray.h">
      <Filter>Header Files</Filter>
    </ClInclude>
    <ClInclude Include="source\opengl\vertexbuffer.h">
      <Filter>Header Files</Filter>
    </ClInclude>
    <ClInclude Include="source\opengl\vertexbufferlayout.h">
      <Filter>Header Files</Filter>
    </ClInclude>
    <ClInclude Include="source\opengl\logger.h">
      <Filter>Header Files</Filter>
    </ClInclude>
  </ItemGroup>
</Project>